{
  "name": "pi-kcp-demos",
  "version": "1.0.0",
  "lockfileVersion": 3,
  "requires": true,
  "packages": {
    "": {
      "name": "pi-kcp-demos",
      "version": "1.0.0",
      "license": "Apache-2.0",
      "dependencies": {
        "js-yaml": "^4.3.0",
        "kcp-agent": "0.17.0",
        "kcp-harness": "0.9.0"
      }
    },
    "node_modules/@anthropic-ai/sdk": {
      "version": "0.68.0",
      "resolved": "https://registry.npmjs.org/@anthropic-ai/sdk/-/sdk-0.68.0.tgz",
      "integrity": "sha512-SMYAmbbiprG8k1EjEPMTwaTqssDT7Ae+jxcR5kWXiqTlbwMR2AthXtscEVWOHkRfyAV5+y3PFYTJRNa3OJWIEw==",
      "license": "MIT",
      "optional": true,
      "dependencies": {
        "json-schema-to-ts": "^3.1.1"
      },
      "bin": {
        "anthropic-ai-sdk": "bin/cli"
      },
      "peerDependencies": {
        "zod": "^3.25.0 || ^4.0.0"
      },
      "peerDependenciesMeta": {
        "zod": {
          "optional": true
        }
      }
    },
    "node_modules/@babel/runtime": {
      "version": "7.29.7",
      "resolved": "https://registry.npmjs.org/@babel/runtime/-/runtime-7.29.7.tgz",
      "integrity": "sha512-Nq8OhGWiZIZGV6hLHoyAKLLcJihP/xFeBMGJoUrxTX2psI8dCifzLhZISFb+VWS3wFMRDmCGw5R+dOySCqPLhw==",
      "license": "MIT",
      "optional": true,
      "engines": {
        "node": ">=6.9.0"
      }
    },
    "node_modules/argparse": {
      "version": "2.0.1",
      "resolved": "https://registry.npmjs.org/argparse/-/argparse-2.0.1.tgz",
      "integrity": "sha512-8+9WqebbFzpX9OR+Wa6O29asIogeRMzcGtAINdpMHHyAg10f05aSFVBbcEqGf/PXw1EjAZ+q2/bEBg3DvurK3Q==",
      "license": "Python-2.0"
    },
    "node_modules/js-yaml": {
      "version": "4.3.0",
      "resolved": "https://registry.npmjs.org/js-yaml/-/js-yaml-4.3.0.tgz",
      "integrity": "sha512-1td788aAnnZ5qs7V2QIRl1owjtYpbKt749Y3xauqQgwIIGF/xXWz1wMTEBx5O3LK3lXLVuqXPdPxj2BoFHaW9Q==",
      "funding": [
        {
          "type": "github",
          "url": "https://github.com/sponsors/puzrin"
        },
        {
          "type": "github",
          "url": "https://github.com/sponsors/nodeca"
        }
      ],
      "license": "MIT",
      "dependencies": {
        "argparse": "^2.0.1"
      },
      "bin": {
        "js-yaml": "bin/js-yaml.js"
      }
    },
    "node_modules/json-schema-to-ts": {
      "version": "3.1.1",
      "resolved": "https://registry.npmjs.org/json-schema-to-ts/-/json-schema-to-ts-3.1.1.tgz",
      "integrity": "sha512-+DWg8jCJG2TEnpy7kOm/7/AxaYoaRbjVB4LFZLySZlWn8exGs3A4OLJR966cVvU26N7X9TWxl+Jsw7dzAqKT6g==",
      "license": "MIT",
      "optional": true,
      "dependencies": {
        "@babel/runtime": "^7.18.3",
        "ts-algebra": "^2.0.0"
      },
      "engines": {
        "node": ">=16"
      }
    },
    "node_modules/kcp-agent": {
      "version": "0.17.0",
      "resolved": "https://registry.npmjs.org/kcp-agent/-/kcp-agent-0.17.0.tgz",
      "integrity": "sha512-4eqOH9NTJRHfKQtbGLks9HpNFCwTLPvgnxPIzkIduL5c4zXhsBvFVoDsyawUn0Ma9ntWZuCRc9MxcsHAExbdGA==",
      "license": "Apache-2.0",
      "dependencies": {
        "js-yaml": "^4.1.0"
      },
      "bin": {
        "kcp-agent": "dist/cli.js"
      },
      "engines": {
        "node": ">=20"
      },
      "optionalDependencies": {
        "@anthropic-ai/sdk": "^0.68.0"
      }
    },
    "node_modules/kcp-harness": {
      "version": "0.9.0",
      "resolved": "https://registry.npmjs.org/kcp-harness/-/kcp-harness-0.9.0.tgz",
      "integrity": "sha512-e48t8lfVFNRcvDUfDxiss2ek8vbldss1GytUJXhoMzK9p5+hgBC3NE7g5GEpuRxk3D6YwvuJ/Ei/ujccd4gPHA==",
      "license": "Apache-2.0",
      "dependencies": {
        "js-yaml": "^4.1.0",
        "kcp-agent": "^0.16.0"
      },
      "bin": {
        "kcp-harness": "dist/cli.js"
      },
      "engines": {
        "node": ">=20"
      }
    },
    "node_modules/kcp-harness/node_modules/kcp-agent": {
      "version": "0.16.0",
      "resolved": "https://registry.npmjs.org/kcp-agent/-/kcp-agent-0.16.0.tgz",
      "integrity": "sha512-hY7ts34nEubCyDHC+aRFmYzPA6kERwYuHI9pmTWq+X6mbmS1vEKjXvdtOWBcxBvSpzoMK5FC64YnsApSqKBokw==",
      "license": "Apache-2.0",
      "dependencies": {
        "js-yaml": "^4.1.0"
      },
      "bin": {
        "kcp-agent": "dist/cli.js"
      },
      "engines": {
        "node": ">=20"
      },
      "optionalDependencies": {
        "@anthropic-ai/sdk": "^0.68.0"
      }
    },
    "node_modules/ts-algebra": {
      "version": "2.0.0",
      "resolved": "https://registry.npmjs.org/ts-algebra/-/ts-algebra-2.0.0.tgz",
      "integrity": "sha512-FPAhNPFMrkwz76P7cdjdmiShwMynZYN6SgOujD1urY4oNm80Ou9oMdmbR45LotcKOXoy7wSmHkRFE6Mxbrhefw==",
      "license": "MIT",
      "optional": true
    }
  }
}
